// !$*UTF8*$!
{
	archiveVersion = 1;
	classes = {
	};
	objectVersion = 55;
	objects = {

/* Begin PBXBuildFile section */
		9B12053B278AF16B003D2A9C /* BusStopsApp.swift in Sources */ = {isa = PBXBuildFile; fileRef = 9B12053A278AF16B003D2A9C /* BusStopsApp.swift */; };
		9B12053D278AF16B003D2A9C /* ContentView.swift in Sources */ = {isa = PBXBuildFile; fileRef = 9B12053C278AF16B003D2A9C /* ContentView.swift */; };
		9B12053F278AF16C003D2A9C /* Assets.xcassets in Resources */ = {isa = PBXBuildFile; fileRef = 9B12053E278AF16C003D2A9C /* Assets.xcassets */; };
		9B120542278AF16D003D2A9C /* Preview Assets.xcassets in Resources */ = {isa = PBXBuildFile; fileRef = 9B120541278AF16D003D2A9C /* Preview Assets.xcassets */; };
		9B120549278AF1ED003D2A9C /* README.md in Resources */ = {isa = PBXBuildFile; fileRef = 9B120548278AF1ED003D2A9C /* README.md */; };
		9B12054B278AF39F003D2A9C /* TransportClient.swift in Sources */ = {isa = PBXBuildFile; fileRef = 9B12054A278AF39F003D2A9C /* TransportClient.swift */; };
		9B12054D278AF47C003D2A9C /* Models.swift in Sources */ = {isa = PBXBuildFile; fileRef = 9B12054C278AF47C003D2A9C /* Models.swift */; };
		9B3BBD7B278AF88700D7F132 /* BusStopsTests.swift in Sources */ = {isa = PBXBuildFile; fileRef = 9B3BBD7A278AF88700D7F132 /* BusStopsTests.swift */; };
/* End PBXBuildFile section */

/* Begin PBXContainerItemProxy section */
		9B3BBD7C278AF88700D7F132 /* PBXContainerItemProxy */ = {
			isa = PBXContainerItemProxy;
			containerPortal = 9B12052F278AF16B003D2A9C /* Project object */;
			proxyType = 1;
			remoteGlobalIDString = 9B120536278AF16B003D2A9C;
			remoteInfo = BusStops;
		};
/* End PBXContainerItemProxy section */

/* Begin PBXFileReference section */
		9B120537278AF16B003D2A9C /* BusStops.app */ = {isa = PBXFileReference; explicitFileType = wrapper.application; includeInIndex = 0; path = BusStops.app; sourceTree = BUILT_PRODUCTS_DIR; };
		9B12053A278AF16B003D2A9C /* BusStopsApp.swift */ = {isa = PBXFileReference; lastKnownFileType = sourcecode.swift; path = BusStopsApp.swift; sourceTree = "<group>"; };
		9B12053C278AF16B003D2A9C /* ContentView.swift */ = {isa = PBXFileReference; lastKnownFileType = sourcecode.swift; path = ContentView.swift; sourceTree = "<group>"; };
		9B12053E278AF16C003D2A9C /* Assets.xcassets */ = {isa = PBXFileReference; lastKnownFileType = folder.assetcatalog; path = Assets.xcassets; sourceTree = "<group>"; };
		9B120541278AF16D003D2A9C /* Preview Assets.xcassets */ = {isa = PBXFileReference; lastKnownFileType = folder.assetcatalog; path = "Preview Assets.xcassets"; sourceTree = "<group>"; };
		9B120548278AF1ED003D2A9C /* README.md */ = {isa = PBXFileReference; fileEncoding = 4; lastKnownFileType = net.daringfireball.markdown; path = README.md; sourceTree = SOURCE_ROOT; };
		9B12054A278AF39F003D2A9C /* TransportClient.swift */ = {isa = PBXFileReference; lastKnownFileType = sourcecode.swift; path = TransportClient.swift; sourceTree = "<group>"; };
		9B12054C278AF47C003D2A9C /* Models.swift */ = {isa = PBXFileReference; lastKnownFileType = sourcecode.swift; path = Models.swift; sourceTree = "<group>"; };
		9B20F325278AFBF400E43DCD /* Info.plist */ = {isa = PBXFileReference; lastKnownFileType = text.plist; path = Info.plist; sourceTree = "<group>"; };
		9B3BBD78278AF88700D7F132 /* BusStopsTests.xctest */ = {isa = PBXFileReference; explicitFileType = wrapper.cfbundle; includeInIndex = 0; path = BusStopsTests.xctest; sourceTree = BUILT_PRODUCTS_DIR; };
		9B3BBD7A278AF88700D7F132 /* BusStopsTests.swift */ = {isa = PBXFileReference; lastKnownFileType = sourcecode.swift; path = BusStopsTests.swift; sourceTree = "<group>"; };
/* End PBXFileReference section */

/* Begin PBXFrameworksBuildPhase section */
		9B120534278AF16B003D2A9C /* Frameworks */ = {
			isa = PBXFrameworksBuildPhase;
			buildActionMask = 2147483647;
			files = (
			);
			runOnlyForDeploymentPostprocessing = 0;
		};
		9B3BBD75278AF88700D7F132 /* Frameworks */ = {
			isa = PBXFrameworksBuildPhase;
			buildActionMask = 2147483647;
			files = (
			);
			runOnlyForDeploymentPostprocessing = 0;
		};
/* End PBXFrameworksBuildPhase section */

/* Begin PBXGroup section */
		9B12052E278AF16B003D2A9C = {
			isa = PBXGroup;
			children = (
				9B120548278AF1ED003D2A9C /* README.md */,
				9B120539278AF16B003D2A9C /* BusStops */,
				9B3BBD79278AF88700D7F132 /* BusStopsTests */,
				9B120538278AF16B003D2A9C /* Products */,
			);
			sourceTree = "<group>";
		};
		9B120538278AF16B003D2A9C /* Products */ = {
			isa = PBXGroup;
			children = (
				9B120537278AF16B003D2A9C /* BusStops.app */,
				9B3BBD78278AF88700D7F132 /* BusStopsTests.xctest */,
			);
			name = Products;
			sourceTree = "<group>";
		};
		9B120539278AF16B003D2A9C /* BusStops */ = {
			isa = PBXGroup;
			children = (
				9B20F325278AFBF400E43DCD /* Info.plist */,
				9B12054C278AF47C003D2A9C /* Models.swift */,
				9B12054A278AF39F003D2A9C /* TransportClient.swift */,
				9B12053A278AF16B003D2A9C /* BusStopsApp.swift */,
				9B12053C278AF16B003D2A9C /* ContentView.swift */,
				9B12053E278AF16C003D2A9C /* Assets.xcassets */,
				9B120540278AF16D003D2A9C /* Preview Content */,
			);
			path = BusStops;
			sourceTree = "<group>";
		};
		9B120540278AF16D003D2A9C /* Preview Content */ = {
			isa = PBXGroup;
			children = (
				9B120541278AF16D003D2A9C /* Preview Assets.xcassets */,
			);
			path = "Preview Content";
			sourceTree = "<group>";
		};
		9B3BBD79278AF88700D7F132 /* BusStopsTests */ = {
			isa = PBXGroup;
			children = (
				9B3BBD7A278AF88700D7F132 /* BusStopsTests.swift */,
			);
			path = BusStopsTests;
			sourceTree = "<group>";
		};
/* End PBXGroup section */

/* Begin PBXNativeTarget section */
		9B120536278AF16B003D2A9C /* BusStops */ = {
			isa = PBXNativeTarget;
			buildConfigurationList = 9B120545278AF16D003D2A9C /* Build configuration list for PBXNativeTarget "BusStops" */;
			buildPhases = (
				9B120533278AF16B003D2A9C /* Sources */,
				9B120534278AF16B003D2A9C /* Frameworks */,
				9B120535278AF16B003D2A9C /* Resources */,
			);
			buildRules = (
			);
			dependencies = (
			);
			name = BusStops;
			productName = BusStops;
			productReference = 9B120537278AF16B003D2A9C /* BusStops.app */;
			productType = "com.apple.product-type.application";
		};
		9B3BBD77278AF88700D7F132 /* BusStopsTests */ = {
			isa = PBXNativeTarget;
			buildConfigurationList = 9B3BBD80278AF88700D7F132 /* Build configuration list for PBXNativeTarget "BusStopsTests" */;
			buildPhases = (
				9B3BBD74278AF88700D7F132 /* Sources */,
				9B3BBD75278AF88700D7F132 /* Frameworks */,
				9B3BBD76278AF88700D7F132 /* Resources */,
			);
			buildRules = (
			);
			dependencies = (
				9B3BBD7D278AF88700D7F132 /* PBXTargetDependency */,
			);
			name = BusStopsTests;
			productName = BusStopsTests;
			productReference = 9B3BBD78278AF88700D7F132 /* BusStopsTests.xctest */;
			productType = "com.apple.product-type.bundle.unit-test";
		};
/* End PBXNativeTarget section */

/* Begin PBXProject section */
		9B12052F278AF16B003D2A9C /* Project object */ = {
			isa = PBXProject;
			attributes = {
				BuildIndependentTargetsInParallel = 1;
				LastSwiftUpdateCheck = 1310;
				LastUpgradeCheck = 1310;
				TargetAttributes = {
					9B120536278AF16B003D2A9C = {
						CreatedOnToolsVersion = 13.1;
					};
					9B3BBD77278AF88700D7F132 = {
						CreatedOnToolsVersion = 13.1;
						TestTargetID = 9B120536278AF16B003D2A9C;
					};
				};
			};
			buildConfigurationList = 9B120532278AF16B003D2A9C /* Build configuration list for PBXProject "BusStops" */;
			compatibilityVersion = "Xcode 13.0";
			developmentRegion = en;
			hasScannedForEncodings = 0;
			knownRegions = (
				en,
				Base,
			);
			mainGroup = 9B12052E278AF16B003D2A9C;
			productRefGroup = 9B120538278AF16B003D2A9C /* Products */;
			projectDirPath = "";
			projectRoot = "";
			targets = (
				9B120536278AF16B003D2A9C /* BusStops */,
				9B3BBD77278AF88700D7F132 /* BusStopsTests */,
			);
		};
/* End PBXProject section */

/* Begin PBXResourcesBuildPhase section */
		9B120535278AF16B003D2A9C /* Resources */ = {
			isa = PBXResourcesBuildPhase;
			buildActionMask = 2147483647;
			files = (
				9B120549278AF1ED003D2A9C /* README.md in Resources */,
				9B120542278AF16D003D2A9C /* Preview Assets.xcassets in Resources */,
				9B12053F278AF16C003D2A9C /* Assets.xcassets in Resources */,
			);
			runOnlyForDeploymentPostprocessing = 0;
		};
		9B3BBD76278AF88700D7F132 /* Resources */ = {
			isa = PBXResourcesBuildPhase;
			buildActionMask = 2147483647;
			files = (
			);
			runOnlyForDeploymentPostprocessing = 0;
		};
/* End PBXResourcesBuildPhase section */

/* Begin PBXSourcesBuildPhase section */
		9B120533278AF16B003D2A9C /* Sources */ = {
			isa = PBXSourcesBuildPhase;
			buildActionMask = 2147483647;
			files = (
				9B12053D278AF16B003D2A9C /* ContentView.swift in Sources */,
				9B12054B278AF39F003D2A9C /* TransportClient.swift in Sources */,
				9B12053B278AF16B003D2A9C /* BusStopsApp.swift in Sources */,
				9B12054D278AF47C003D2A9C /* Models.swift in Sources */,
			);
			runOnlyForDeploymentPostprocessing = 0;
		};
		9B3BBD74278AF88700D7F132 /* Sources */ = {
			isa = PBXSourcesBuildPhase;
			buildActionMask = 2147483647;
			files = (
				9B3BBD7B278AF88700D7F132 /* BusStopsTests.swift in Sources */,
			);
			runOnlyForDeploymentPostprocessing = 0;
		};
/* End PBXSourcesBuildPhase section */

/* Begin PBXTargetDependency section */
		9B3BBD7D278AF88700D7F132 /* PBXTargetDependency */ = {
			isa = PBXTargetDependency;
			target = 9B120536278AF16B003D2A9C /* BusStops */;
			targetProxy = 9B3BBD7C278AF88700D7F132 /* PBXContainerItemProxy */;
		};
/* End PBXTargetDependency section */

/* Begin XCBuildConfiguration section */
		9B120543278AF16D003D2A9C /* Debug */ = {
			isa = XCBuildConfiguration;
			buildSettings = {
				ALWAYS_SEARCH_USER_PATHS = NO;
				CLANG_ANALYZER_NONNULL = YES;
				CLANG_ANALYZER_NUMBER_OBJECT_CONVERSION = YES_AGGRESSIVE;
				CLANG_CXX_LANGUAGE_STANDARD = "gnu++17";
				CLANG_CXX_LIBRARY = "libc++";
				CLANG_ENABLE_MODULES = YES;
				CLANG_ENABLE_OBJC_ARC = YES;
				CLANG_ENABLE_OBJC_WEAK = YES;
				CLANG_WARN_BLOCK_CAPTURE_AUTORELEASING = YES;
				CLANG_WARN_BOOL_CONVERSION = YES;
				CLANG_WARN_COMMA = YES;
				CLANG_WARN_CONSTANT_CONVERSION = YES;
				CLANG_WARN_DEPRECATED_OBJC_IMPLEMENTATIONS = YES;
				CLANG_WARN_DIRECT_OBJC_ISA_USAGE = YES_ERROR;
				CLANG_WARN_DOCUMENTATION_COMMENTS = YES;
				CLANG_WARN_EMPTY_BODY = YES;
				CLANG_WARN_ENUM_CONVERSION = YES;
				CLANG_WARN_INFINITE_RECURSION = YES;
				CLANG_WARN_INT_CONVERSION = YES;
				CLANG_WARN_NON_LITERAL_NULL_CONVERSION = YES;
				CLANG_WARN_OBJC_IMPLICIT_RETAIN_SELF = YES;
				CLANG_WARN_OBJC_LITERAL_CONVERSION = YES;
				CLANG_WARN_OBJC_ROOT_CLASS = YES_ERROR;
				CLANG_WARN_QUOTED_INCLUDE_IN_FRAMEWORK_HEADER = YES;
				CLANG_WARN_RANGE_LOOP_ANALYSIS = YES;
				CLANG_WARN_STRICT_PROTOTYPES = YES;
				CLANG_WARN_SUSPICIOUS_MOVE = YES;
				CLANG_WARN_UNGUARDED_AVAILABILITY = YES_AGGRESSIVE;
				CLANG_WARN_UNREACHABLE_CODE = YES;
				CLANG_WARN__DUPLICATE_METHOD_MATCH = YES;
				COPY_PHASE_STRIP = NO;
				DEBUG_INFORMATION_FORMAT = dwarf;
				ENABLE_STRICT_OBJC_MSGSEND = YES;
				ENABLE_TESTABILITY = YES;
				GCC_C_LANGUAGE_STANDARD = gnu11;
				GCC_DYNAMIC_NO_PIC = NO;
				GCC_NO_COMMON_BLOCKS = YES;
				GCC_OPTIMIZATION_LEVEL = 0;
				GCC_PREPROCESSOR_DEFINITIONS = (
					"DEBUG=1",
					"$(inherited)",
				);
				GCC_WARN_64_TO_32_BIT_CONVERSION = YES;
				GCC_WARN_ABOUT_RETURN_TYPE = YES_ERROR;
				GCC_WARN_UNDECLARED_SELECTOR = YES;
				GCC_WARN_UNINITIALIZED_AUTOS = YES_AGGRESSIVE;
				GCC_WARN_UNUSED_FUNCTION = YES;
				GCC_WARN_UNUSED_VARIABLE = YES;
				IPHONEOS_DEPLOYMENT_TARGET = 15.0;
				MTL_ENABLE_DEBUG_INFO = INCLUDE_SOURCE;
				MTL_FAST_MATH = YES;
				ONLY_ACTIVE_ARCH = YES;
				SDKROOT = iphoneos;
				SWIFT_ACTIVE_COMPILATION_CONDITIONS = DEBUG;
				SWIFT_OPTIMIZATION_LEVEL = "-Onone";
			};
			name = Debug;
		};
		9B120544278AF16D003D2A9C /* Release */ = {
			isa = XCBuildConfiguration;
			buildSettings = {
				ALWAYS_SEARCH_USER_PATHS = NO;
				CLANG_ANALYZER_NONNULL = YES;
				CLANG_ANALYZER_NUMBER_OBJECT_CONVERSION = YES_AGGRESSIVE;
				CLANG_CXX_LANGUAGE_STANDARD = "gnu++17";
				CLANG_CXX_LIBRARY = "libc++";
				CLANG_ENABLE_MODULES = YES;
				CLANG_ENABLE_OBJC_ARC = YES;
				CLANG_ENABLE_OBJC_WEAK = YES;
				CLANG_WARN_BLOCK_CAPTURE_AUTORELEASING = YES;
				CLANG_WARN_BOOL_CONVERSION = YES;
				CLANG_WARN_COMMA = YES;
				CLANG_WARN_CONSTANT_CONVERSION = YES;
				CLANG_WARN_DEPRECATED_OBJC_IMPLEMENTATIONS = YES;
				CLANG_WARN_DIRECT_OBJC_ISA_USAGE = YES_ERROR;
				CLANG_WARN_DOCUMENTATION_COMMENTS = YES;
				CLANG_WARN_EMPTY_BODY = YES;
				CLANG_WARN_ENUM_CONVERSION = YES;
				CLANG_WARN_INFINITE_RECURSION = YES;
				CLANG_WARN_INT_CONVERSION = YES;
				CLANG_WARN_NON_LITERAL_NULL_CONVERSION = YES;
				CLANG_WARN_OBJC_IMPLICIT_RETAIN_SELF = YES;
				CLANG_WARN_OBJC_LITERAL_CONVERSION = YES;
				CLANG_WARN_OBJC_ROOT_CLASS = YES_ERROR;
				CLANG_WARN_QUOTED_INCLUDE_IN_FRAMEWORK_HEADER = YES;
				CLANG_WARN_RANGE_LOOP_ANALYSIS = YES;
				CLANG_WARN_STRICT_PROTOTYPES = YES;
				CLANG_WARN_SUSPICIOUS_MOVE = YES;
				CLANG_WARN_UNGUARDED_AVAILABILITY = YES_AGGRESSIVE;
				CLANG_WARN_UNREACHABLE_CODE = YES;
				CLANG_WARN__DUPLICATE_METHOD_MATCH = YES;
				COPY_PHASE_STRIP = NO;
				DEBUG_INFORMATION_FORMAT = "dwarf-with-dsym";
				ENABLE_NS_ASSERTIONS = NO;
				ENABLE_STRICT_OBJC_MSGSEND = YES;
				GCC_C_LANGUAGE_STANDARD = gnu11;
				GCC_NO_COMMON_BLOCKS = YES;
				GCC_WARN_64_TO_32_BIT_CONVERSION = YES;
				GCC_WARN_ABOUT_RETURN_TYPE = YES_ERROR;
				GCC_WARN_UNDECLARED_SELECTOR = YES;
				GCC_WARN_UNINITIALIZED_AUTOS = YES_AGGRESSIVE;
				GCC_WARN_UNUSED_FUNCTION = YES;
				GCC_WARN_UNUSED_VARIABLE = YES;
				IPHONEOS_DEPLOYMENT_TARGET = 15.0;
				MTL_ENABLE_DEBUG_INFO = NO;
				MTL_FAST_MATH = YES;
				SDKROOT = iphoneos;
				SWIFT_COMPILATION_MODE = wholemodule;
				SWIFT_OPTIMIZATION_LEVEL = "-O";
				VALIDATE_PRODUCT = YES;
			};
			name = Release;
		};
		9B120546278AF16D003D2A9C /* Debug */ = {
			isa = XCBuildConfiguration;
			buildSettings = {
				ASSETCATALOG_COMPILER_APPICON_NAME = AppIcon;
				ASSETCATALOG_COMPILER_GLOBAL_ACCENT_COLOR_NAME = AccentColor;
				CODE_SIGN_STYLE = Automatic;
				CURRENT_PROJECT_VERSION = 1;
				DEVELOPMENT_ASSET_PATHS = "\"BusStops/Preview Content\"";
				DEVELOPMENT_TEAM = 7466UF56YW;
				ENABLE_PREVIEWS = YES;
				GENERATE_INFOPLIST_FILE = YES;
				INFOPLIST_FILE = BusStops/Info.plist;
				INFOPLIST_KEY_UIApplicationSceneManifest_Generation = YES;
				INFOPLIST_KEY_UIApplicationSupportsIndirectInputEvents = YES;
				INFOPLIST_KEY_UILaunchScreen_Generation = YES;
				INFOPLIST_KEY_UISupportedInterfaceOrientations_iPad = "UIInterfaceOrientationPortrait UIInterfaceOrientationPortraitUpsideDown UIInterfaceOrientationLandscapeLeft UIInterfaceOrientationLandscapeRight";
				INFOPLIST_KEY_UISupportedInterfaceOrientations_iPhone = "UIInterfaceOrientationPortrait UIInterfaceOrientationLandscapeLeft UIInterfaceOrientationLandscapeRight";
				LD_RUNPATH_SEARCH_PATHS = (
					"$(inherited)",
					"@executable_path/Frameworks",
				);
				MARKETING_VERSION = 1.0;
				PRODUCT_BUNDLE_IDENTIFIER = org.shenghuawu.BusStops;
				PRODUCT_NAME = "$(TARGET_NAME)";
				SWIFT_EMIT_LOC_STRINGS = YES;
				SWIFT_VERSION = 5.0;
				TARGETED_DEVICE_FAMILY = "1,2";
			};
			name = Debug;
		};
		9B120547278AF16D003D2A9C /* Release */ = {
			isa = XCBuildConfiguration;
			buildSettings = {
				ASSETCATALOG_COMPILER_APPICON_NAME = AppIcon;
				ASSETCATALOG_COMPILER_GLOBAL_ACCENT_COLOR_NAME = AccentColor;
				CODE_SIGN_STYLE = Automatic;
				CURRENT_PROJECT_VERSION = 1;
				DEVELOPMENT_ASSET_PATHS = "\"BusStops/Preview Content\"";
				DEVELOPMENT_TEAM = 7466UF56YW;
				ENABLE_PREVIEWS = YES;
				GENERATE_INFOPLIST_FILE = YES;
				INFOPLIST_FILE = BusStops/Info.plist;
				INFOPLIST_KEY_UIApplicationSceneManifest_Generation = YES;
				INFOPLIST_KEY_UIApplicationSupportsIndirectInputEvents = YES;
				INFOPLIST_KEY_UILaunchScreen_Generation = YES;
				INFOPLIST_KEY_UISupportedInterfaceOrientations_iPad = "UIInterfaceOrientationPortrait UIInterfaceOrientationPortraitUpsideDown UIInterfaceOrientationLandscapeLeft UIInterfaceOrientationLandscapeRight";
				INFOPLIST_KEY_UISupportedInterfaceOrientations_iPhone = "UIInterfaceOrientationPortrait UIInterfaceOrientationLandscapeLeft UIInterfaceOrientationLandscapeRight";
				LD_RUNPATH_SEARCH_PATHS = (
					"$(inherited)",
					"@executable_path/Frameworks",
				);
				MARKETING_VERSION = 1.0;
				PRODUCT_BUNDLE_IDENTIFIER = org.shenghuawu.BusStops;
				PRODUCT_NAME = "$(TARGET_NAME)";
				SWIFT_EMIT_LOC_STRINGS = YES;
				SWIFT_VERSION = 5.0;
				TARGETED_DEVICE_FAMILY = "1,2";
			};
			name = Release;
		};
		9B3BBD7E278AF88700D7F132 /* Debug */ = {
			isa = XCBuildConfiguration;
			buildSettings = {
				BUNDLE_LOADER = "$(TEST_HOST)";
				CODE_SIGN_STYLE = Automatic;
				CURRENT_PROJECT_VERSION = 1;
				DEVELOPMENT_TEAM = 7466UF56YW;
				GENERATE_INFOPLIST_FILE = YES;
				INFOPLIST_FILE = BusStopsTests/Info.plist;
				INFOPLIST_KEY_LSApplicationCategoryType = "";
				LD_RUNPATH_SEARCH_PATHS = (
					"$(inherited)",
					"@executable_path/Frameworks",
					"@loader_path/Frameworks",
				);
				MARKETING_VERSION = 1.0;
				PRODUCT_BUNDLE_IDENTIFIER = org.shenghuawu.BusStopsTests;
				PRODUCT_NAME = "$(TARGET_NAME)";
				SWIFT_EMIT_LOC_STRINGS = NO;
				SWIFT_VERSION = 5.0;
				TARGETED_DEVICE_FAMILY = "1,2";
				TEST_HOST = "$(BUILT_PRODUCTS_DIR)/BusStops.app/BusStops";
			};
			name = Debug;
		};
		9B3BBD7F278AF88700D7F132 /* Release */ = {
			isa = XCBuildConfiguration;
			buildSettings = {
				BUNDLE_LOADER = "$(TEST_HOST)";
				CODE_SIGN_STYLE = Automatic;
				CURRENT_PROJECT_VERSION = 1;
				DEVELOPMENT_TEAM = 7466UF56YW;
				GENERATE_INFOPLIST_FILE = YES;
				INFOPLIST_FILE = BusStopsTests/Info.plist;
				INFOPLIST_KEY_LSApplicationCategoryType = "";
				LD_RUNPATH_SEARCH_PATHS = (
					"$(inherited)",
					"@executable_path/Frameworks",
					"@loader_path/Frameworks",
				);
				MARKETING_VERSION = 1.0;
				PRODUCT_BUNDLE_IDENTIFIER = org.shenghuawu.BusStopsTests;
				PRODUCT_NAME = "$(TARGET_NAME)";
				SWIFT_EMIT_LOC_STRINGS = NO;
				SWIFT_VERSION = 5.0;
				TARGETED_DEVICE_FAMILY = "1,2";
				TEST_HOST = "$(BUILT_PRODUCTS_DIR)/BusStops.app/BusStops";
			};
			name = Release;
		};
/* End XCBuildConfiguration section */

/* Begin XCConfigurationList section */
		9B120532278AF16B003D2A9C /* Build configuration list for PBXProject "BusStops" */ = {
			isa = XCConfigurationList;
			buildConfigurations = (
				9B120543278AF16D003D2A9C /* Debug */,
				9B120544278AF16D003D2A9C /* Release */,
			);
			defaultConfigurationIsVisible = 0;
			defaultConfigurationName = Release;
		};
		9B120545278AF16D003D2A9C /* Build configuration list for PBXNativeTarget "BusStops" */ = {
			isa = XCConfigurationList;
			buildConfigurations = (
				9B120546278AF16D003D2A9C /* Debug */,
				9B120547278AF16D003D2A9C /* Release */,
			);
			defaultConfigurationIsVisible = 0;
			defaultConfigurationName = Release;
		};
		9B3BBD80278AF88700D7F132 /* Build configuration list for PBXNativeTarget "BusStopsTests" */ = {
			isa = XCConfigurationList;
			buildConfigurations = (
				9B3BBD7E278AF88700D7F132 /* Debug */,
				9B3BBD7F278AF88700D7F132 /* Release */,
			);
			defaultConfigurationIsVisible = 0;
			defaultConfigurationName = Release;
		};
/* End XCConfigurationList section */
	};
	rootObject = 9B12052F278AF16B003D2A9C /* Project object */;
}
